{
    "_meta": {
        "hash": {
            "sha256": "9c14a8faa847ab739398515e8cde81e306a4207af7c730807ddf972a3c6bb7c8"
        },
        "pipfile-spec": 6,
        "requires": {
            "python_version": "3.11"
        },
        "sources": [
            {
                "name": "pypi",
                "url": "https://pypi.org/simple",
                "verify_ssl": true
            }
        ]
    },
    "default": {},
    "develop": {
        "altgraph": {
            "hashes": [
                "sha256:1b5afbb98f6c4dcadb2e2ae6ab9fa994bbb8c1d75f4fa96d340f9437ae454406",
                "sha256:642743b4750de17e655e6711601b077bc6598dbfa3ba5fa2b2a35ce12b508dff"
            ],
            "markers": "sys_platform == 'darwin'",
            "version": "==0.17.4"
        },
        "macholib": {
            "hashes": [
                "sha256:07ae9e15e8e4cd9a788013d81f5908b3609aa76f9b1421bae9c4d7606ec86a30",
                "sha256:0e315d7583d38b8c77e815b1ecbdbf504a8258d8b3e17b61165c6feb60d18f2c"
            ],
            "markers": "sys_platform == 'darwin'",
            "version": "==1.16.3"
        },
        "mypy": {
            "hashes": [
                "sha256:1124a18bc11a6a62887e3e137f37f53fbae476dc36c185d549d4f837a2a6a14e",
                "sha256:171a9ca9a40cd1843abeca0e405bc1940cd9b305eaeea2dda769ba096932bb22",
                "sha256:1905f494bfd7d85a23a88c5d97840888a7bd516545fc5aaedff0267e0bb54e2f",
                "sha256:1fbb8da62dc352133d7d7ca90ed2fb0e9d42bb1a32724c287d3c76c58cbaa9c2",
                "sha256:2922d42e16d6de288022e5ca321cd0618b238cfc5570e0263e5ba0a77dbef56f",
                "sha256:2e2c2e6d3593f6451b18588848e66260ff62ccca522dd231cd4dd59b0160668b",
                "sha256:2ee2d57e01a7c35de00f4634ba1bbf015185b219e4dc5909e281016df43f5ee5",
                "sha256:2f2147ab812b75e5b5499b01ade1f4a81489a147c01585cda36019102538615f",
                "sha256:404534629d51d3efea5c800ee7c42b72a6554d6c400e6a79eafe15d11341fd43",
                "sha256:5469affef548bd1895d86d3bf10ce2b44e33d86923c29e4d675b3e323437ea3e",
                "sha256:5a95fb17c13e29d2d5195869262f8125dfdb5c134dc8d9a9d0aecf7525b10c2c",
                "sha256:6983aae8b2f653e098edb77f893f7b6aca69f6cffb19b2cc7443f23cce5f4828",
                "sha256:712e962a6357634fef20412699a3655c610110e01cdaa6180acec7fc9f8513ba",
                "sha256:8023ff13985661b50a5928fc7a5ca15f3d1affb41e5f0a9952cb68ef090b31ee",
                "sha256:811aeccadfb730024c5d3e326b2fbe9249bb7413553f15499a4050f7c30e801d",
                "sha256:8f8722560a14cde92fdb1e31597760dc35f9f5524cce17836c0d22841830fd5b",
                "sha256:93faf3fdb04768d44bf28693293f3904bbb555d076b781ad2530214ee53e3445",
                "sha256:973500e0774b85d9689715feeffcc980193086551110fd678ebe1f4342fb7c5e",
                "sha256:979e4e1a006511dacf628e36fadfecbcc0160a8af6ca7dad2f5025529e082c13",
                "sha256:98b7b9b9aedb65fe628c62a6dc57f6d5088ef2dfca37903a7d9ee374d03acca5",
                "sha256:aea39e0583d05124836ea645f412e88a5c7d0fd77a6d694b60d9b6b2d9f184fd",
                "sha256:b9378e2c00146c44793c98b8d5a61039a048e31f429fb0eb546d93f4b000bedf",
                "sha256:baefc32840a9f00babd83251560e0ae1573e2f9d1b067719479bfb0e987c6357",
                "sha256:be68172e9fd9ad8fb876c6389f16d1c1b5f100ffa779f77b1fb2176fcc9ab95b",
                "sha256:c43a7682e24b4f576d93072216bf56eeff70d9140241f9edec0c104d0c515036",
                "sha256:c4bb0e1bd29f7d34efcccd71cf733580191e9a264a2202b0239da95984c5b559",
                "sha256:c7be1e46525adfa0d97681432ee9fcd61a3964c2446795714699a998d193f1a3",
                "sha256:c9817fa23833ff189db061e6d2eff49b2f3b6ed9856b4a0a73046e41932d744f",
                "sha256:ce436f4c6d218a070048ed6a44c0bbb10cd2cc5e272b29e7845f6a2f57ee4464",
                "sha256:d10d994b41fb3497719bbf866f227b3489048ea4bbbb5015357db306249f7980",
                "sha256:e601a7fa172c2131bff456bb3ee08a88360760d0d2f8cbd7a75a65497e2df078",
                "sha256:f95579473af29ab73a10bada2f9722856792a36ec5af5399b653aa28360290a5"
            ],
            "index": "pypi",
            "markers": "python_version >= '3.9'",
            "version": "==1.15.0"
        },
        "mypy-extensions": {
            "hashes": [
                "sha256:4392f6c0eb8a5668a69e23d168ffa70f0be9ccfd32b5cc2d26a34ae5b844552d",
                "sha256:75dbf8955dc00442a438fc4d0666508a9a97b6bd41aa2f0ffe9d2f2725af0782"
            ],
            "markers": "python_version >= '3.5'",
            "version": "==1.0.0"
        },
        "packaging": {
            "hashes": [
                "sha256:29572ef2b1f17581046b3a2227d5c611fb25ec70ca1ba8554b24b0e69331a484",
                "sha256:d443872c98d677bf60f6a1f2f8c1cb748e8fe762d2bf9d3148b5599295b0fc4f"
            ],
            "markers": "python_version >= '3.8'",
            "version": "==25.0"
        },
        "pyinstaller": {
            "hashes": [
                "sha256:38911feec2c5e215e5159a7e66fdb12400168bd116143b54a8a7a37f08733456",
                "sha256:589937548d34978c568cfdc39f31cf386f45202bc27fdb8facb989c79dfb4c02",
                "sha256:80c568848529635aa7ca46d8d525f68486d53e03f68b7bb5eba2c88d742e302c",
                "sha256:8d4296236b85aae570379488c2da833b28828b17c57c2cc21fccd7e3811fe372",
                "sha256:92efcf2f09e78f07b568c5cb7ed48c9940f5dad627af4b49bede6320fab2a06e",
                "sha256:92fe7337c5aa08d42b38d7a79614492cb571489f2cb0a8f91dc9ef9ccbe01ed3",
                "sha256:9f82f113c463f012faa0e323d952ca30a6f922685d9636e754bd3a256c7ed200",
                "sha256:aa404f0b02cd57948098055e76ee190b8e65ccf7a2a3f048e5000f668317069f",
                "sha256:b7260832f7501ba1d2ce1834d4cddc0f2b94315282bc89c59333433715015447",
                "sha256:bc09795f5954135dd4486c1535650958c8218acb954f43860e4b05fb515a21c0",
                "sha256:d9f21d56ca2443aa6a1e255e7ad285c76453893a454105abe1b4d45e92bb9a20",
                "sha256:db0e7945ebe276f604eb7c36e536479556ab32853412095e19172a5ec8fca1c5"
            ],
            "index": "pypi",
            "markers": "python_version < '3.14' and python_version >= '3.8'",
            "version": "==6.13.0"
        },
        "pyinstaller-hooks-contrib": {
            "hashes": [
                "sha256:70cba46b1a6b82ae9104f074c25926e31f3dde50ff217434d1d660355b949683",
                "sha256:af129da5cd6219669fbda360e295cc822abac55b7647d03fec63a8fcf0a608cf"
            ],
            "markers": "python_version >= '3.8'",
            "version": "==2025.3"
        },
        "pywin32-ctypes": {
            "hashes": [
                "sha256:8a1513379d709975552d202d942d9837758905c8d01eb82b8bcc30918929e7b8",
                "sha256:d162dc04946d704503b2edc4d55f3dba5c1d539ead017afa00142c38b9885755"
            ],
            "markers": "sys_platform == 'win32'",
            "version": "==0.2.3"
        },
        "setuptools": {
            "hashes": [
                "sha256:c3a9c4211ff4c309edb8b8c4f1cbfa7ae324c4ba9f91ff254e3d305b9fd54561",
                "sha256:fcc17fd9cd898242f6b4adfaca46137a9edef687f43e6f78469692a5e70d851d"
            ],
            "markers": "python_version >= '3.9'",
            "version": "==78.1.1"
        },
        "typing-extensions": {
            "hashes": [
                "sha256:a439e7c04b49fec3e5d3e2beaa21755cadbbdc391694e28ccdd36ca4a1408f8c",
                "sha256:e6c81219bd689f51865d9e372991c540bda33a0379d5573cddb9a3a23f7caaef"
            ],
            "markers": "python_version >= '3.8'",
            "version": "==4.13.2"
        }
    }
}
